// !$*UTF8*$!
{
	archiveVersion = 1;
	classes = {
	};
	objectVersion = 55;
	objects = {

/* Begin PBXBuildFile section */
		1E8D6E2B28055D4A00983171 /* AppDelegate.swift in Sources */ = {isa = PBXBuildFile; fileRef = 1E8D6E2A28055D4A00983171 /* AppDelegate.swift */; };
		1E8D6E2D28055D4A00983171 /* SceneDelegate.swift in Sources */ = {isa = PBXBuildFile; fileRef = 1E8D6E2C28055D4A00983171 /* SceneDelegate.swift */; };
		1E8D6E2F28055D4A00983171 /* RootViewController.swift in Sources */ = {isa = PBXBuildFile; fileRef = 1E8D6E2E28055D4A00983171 /* RootViewController.swift */; };
		1E8D6E3428055D4B00983171 /* Assets.xcassets in Resources */ = {isa = PBXBuildFile; fileRef = 1E8D6E3328055D4B00983171 /* Assets.xcassets */; };
		1E8D6E3728055D4B00983171 /* LaunchScreen.storyboard in Resources */ = {isa = PBXBuildFile; fileRef = 1E8D6E3528055D4B00983171 /* LaunchScreen.storyboard */; };
		1E8D6E4028055EBD00983171 /* Coordinator.swift in Sources */ = {isa = PBXBuildFile; fileRef = 1E8D6E3F28055EBD00983171 /* Coordinator.swift */; };
		1E8D6E4328055FD100983171 /* Alamofire in Frameworks */ = {isa = PBXBuildFile; productRef = 1E8D6E4228055FD100983171 /* Alamofire */; };
		1E8D6E4628055FF100983171 /* RxCocoa in Frameworks */ = {isa = PBXBuildFile; productRef = 1E8D6E4528055FF100983171 /* RxCocoa */; };
		1E8D6E4828055FF100983171 /* RxRelay in Frameworks */ = {isa = PBXBuildFile; productRef = 1E8D6E4728055FF100983171 /* RxRelay */; };
		1E8D6E4A28055FF100983171 /* RxSwift in Frameworks */ = {isa = PBXBuildFile; productRef = 1E8D6E4928055FF100983171 /* RxSwift */; };
		1E8D6E4D2805602800983171 /* SDWebImage in Frameworks */ = {isa = PBXBuildFile; productRef = 1E8D6E4C2805602800983171 /* SDWebImage */; };
		1E8D6E50280561EA00983171 /* Article.swift in Sources */ = {isa = PBXBuildFile; fileRef = 1E8D6E4F280561EA00983171 /* Article.swift */; };
		1E8D6E522805626300983171 /* ArticleService.swift in Sources */ = {isa = PBXBuildFile; fileRef = 1E8D6E512805626300983171 /* ArticleService.swift */; };
		1E8D6E562805642000983171 /* SnapKit in Frameworks */ = {isa = PBXBuildFile; productRef = 1E8D6E552805642000983171 /* SnapKit */; };
		1E8D6E582805645E00983171 /* RootViewModel.swift in Sources */ = {isa = PBXBuildFile; fileRef = 1E8D6E572805645E00983171 /* RootViewModel.swift */; };
		1E8D6E5B28056A9E00983171 /* ArticleViewModel.swift in Sources */ = {isa = PBXBuildFile; fileRef = 1E8D6E5A28056A9E00983171 /* ArticleViewModel.swift */; };
		1E8D6E5D28056E8F00983171 /* ArticleCell.swift in Sources */ = {isa = PBXBuildFile; fileRef = 1E8D6E5C28056E8F00983171 /* ArticleCell.swift */; };
/* End PBXBuildFile section */

/* Begin PBXFileReference section */
		1E8D6E2728055D4A00983171 /* MVVMRxSwiftTutorial.app */ = {isa = PBXFileReference; explicitFileType = wrapper.application; includeInIndex = 0; path = MVVMRxSwiftTutorial.app; sourceTree = BUILT_PRODUCTS_DIR; };
		1E8D6E2A28055D4A00983171 /* AppDelegate.swift */ = {isa = PBXFileReference; lastKnownFileType = sourcecode.swift; path = AppDelegate.swift; sourceTree = "<group>"; };
		1E8D6E2C28055D4A00983171 /* SceneDelegate.swift */ = {isa = PBXFileReference; lastKnownFileType = sourcecode.swift; path = SceneDelegate.swift; sourceTree = "<group>"; };
		1E8D6E2E28055D4A00983171 /* RootViewController.swift */ = {isa = PBXFileReference; lastKnownFileType = sourcecode.swift; path = RootViewController.swift; sourceTree = "<group>"; };
		1E8D6E3328055D4B00983171 /* Assets.xcassets */ = {isa = PBXFileReference; lastKnownFileType = folder.assetcatalog; path = Assets.xcassets; sourceTree = "<group>"; };
		1E8D6E3628055D4B00983171 /* Base */ = {isa = PBXFileReference; lastKnownFileType = file.storyboard; name = Base; path = Base.lproj/LaunchScreen.storyboard; sourceTree = "<group>"; };
		1E8D6E3828055D4B00983171 /* Info.plist */ = {isa = PBXFileReference; lastKnownFileType = text.plist.xml; path = Info.plist; sourceTree = "<group>"; };
		1E8D6E3F28055EBD00983171 /* Coordinator.swift */ = {isa = PBXFileReference; lastKnownFileType = sourcecode.swift; path = Coordinator.swift; sourceTree = "<group>"; };
		1E8D6E4F280561EA00983171 /* Article.swift */ = {isa = PBXFileReference; lastKnownFileType = sourcecode.swift; path = Article.swift; sourceTree = "<group>"; };
		1E8D6E512805626300983171 /* ArticleService.swift */ = {isa = PBXFileReference; lastKnownFileType = sourcecode.swift; path = ArticleService.swift; sourceTree = "<group>"; };
		1E8D6E572805645E00983171 /* RootViewModel.swift */ = {isa = PBXFileReference; lastKnownFileType = sourcecode.swift; path = RootViewModel.swift; sourceTree = "<group>"; };
		1E8D6E5A28056A9E00983171 /* ArticleViewModel.swift */ = {isa = PBXFileReference; lastKnownFileType = sourcecode.swift; path = ArticleViewModel.swift; sourceTree = "<group>"; };
		1E8D6E5C28056E8F00983171 /* ArticleCell.swift */ = {isa = PBXFileReference; lastKnownFileType = sourcecode.swift; path = ArticleCell.swift; sourceTree = "<group>"; };
/* End PBXFileReference section */

/* Begin PBXFrameworksBuildPhase section */
		1E8D6E2428055D4A00983171 /* Frameworks */ = {
			isa = PBXFrameworksBuildPhase;
			buildActionMask = 2147483647;
			files = (
				1E8D6E4828055FF100983171 /* RxRelay in Frameworks */,
				1E8D6E4628055FF100983171 /* RxCocoa in Frameworks */,
				1E8D6E4A28055FF100983171 /* RxSwift in Frameworks */,
				1E8D6E562805642000983171 /* SnapKit in Frameworks */,
				1E8D6E4328055FD100983171 /* Alamofire in Frameworks */,
				1E8D6E4D2805602800983171 /* SDWebImage in Frameworks */,
			);
			runOnlyForDeploymentPostprocessing = 0;
		};
/* End PBXFrameworksBuildPhase section */

/* Begin PBXGroup section */
		1E8D6E1E28055D4A00983171 = {
			isa = PBXGroup;
			children = (
				1E8D6E2928055D4A00983171 /* MVVMRxSwiftTutorial */,
				1E8D6E2828055D4A00983171 /* Products */,
			);
			sourceTree = "<group>";
		};
		1E8D6E2828055D4A00983171 /* Products */ = {
			isa = PBXGroup;
			children = (
				1E8D6E2728055D4A00983171 /* MVVMRxSwiftTutorial.app */,
			);
			name = Products;
			sourceTree = "<group>";
		};
		1E8D6E2928055D4A00983171 /* MVVMRxSwiftTutorial */ = {
			isa = PBXGroup;
			children = (
				1E8D6E5E28056E9200983171 /* Views */,
				1E8D6E592805646300983171 /* ViewModels */,
				1E8D6E532805626700983171 /* Services */,
				1E8D6E4E280561DF00983171 /* Models */,
				1E8D6E3E28055EAB00983171 /* Controllers */,
				1E8D6E2A28055D4A00983171 /* AppDelegate.swift */,
				1E8D6E2C28055D4A00983171 /* SceneDelegate.swift */,
				1E8D6E3328055D4B00983171 /* Assets.xcassets */,
				1E8D6E3528055D4B00983171 /* LaunchScreen.storyboard */,
				1E8D6E3828055D4B00983171 /* Info.plist */,
				1E8D6E3F28055EBD00983171 /* Coordinator.swift */,
			);
			path = MVVMRxSwiftTutorial;
			sourceTree = "<group>";
		};
		1E8D6E3E28055EAB00983171 /* Controllers */ = {
			isa = PBXGroup;
			children = (
				1E8D6E2E28055D4A00983171 /* RootViewController.swift */,
			);
			path = Controllers;
			sourceTree = "<group>";
		};
		1E8D6E4E280561DF00983171 /* Models */ = {
			isa = PBXGroup;
			children = (
				1E8D6E4F280561EA00983171 /* Article.swift */,
			);
			path = Models;
			sourceTree = "<group>";
		};
		1E8D6E532805626700983171 /* Services */ = {
			isa = PBXGroup;
			children = (
				1E8D6E512805626300983171 /* ArticleService.swift */,
			);
			path = Services;
			sourceTree = "<group>";
		};
		1E8D6E592805646300983171 /* ViewModels */ = {
			isa = PBXGroup;
			children = (
				1E8D6E572805645E00983171 /* RootViewModel.swift */,
				1E8D6E5A28056A9E00983171 /* ArticleViewModel.swift */,
			);
			path = ViewModels;
			sourceTree = "<group>";
		};
		1E8D6E5E28056E9200983171 /* Views */ = {
			isa = PBXGroup;
			children = (
				1E8D6E5C28056E8F00983171 /* ArticleCell.swift */,
			);
			path = Views;
			sourceTree = "<group>";
		};
/* End PBXGroup section */

/* Begin PBXNativeTarget section */
		1E8D6E2628055D4A00983171 /* MVVMRxSwiftTutorial */ = {
			isa = PBXNativeTarget;
			buildConfigurationList = 1E8D6E3B28055D4B00983171 /* Build configuration list for PBXNativeTarget "MVVMRxSwiftTutorial" */;
			buildPhases = (
				1E8D6E2328055D4A00983171 /* Sources */,
				1E8D6E2428055D4A00983171 /* Frameworks */,
				1E8D6E2528055D4A00983171 /* Resources */,
			);
			buildRules = (
			);
			dependencies = (
			);
			name = MVVMRxSwiftTutorial;
			packageProductDependencies = (
				1E8D6E4228055FD100983171 /* Alamofire */,
				1E8D6E4528055FF100983171 /* RxCocoa */,
				1E8D6E4728055FF100983171 /* RxRelay */,
				1E8D6E4928055FF100983171 /* RxSwift */,
				1E8D6E4C2805602800983171 /* SDWebImage */,
				1E8D6E552805642000983171 /* SnapKit */,
			);
			productName = MVVMRxSwiftTutorial;
			productReference = 1E8D6E2728055D4A00983171 /* MVVMRxSwiftTutorial.app */;
			productType = "com.apple.product-type.application";
		};
/* End PBXNativeTarget section */

/* Begin PBXProject section */
		1E8D6E1F28055D4A00983171 /* Project object */ = {
			isa = PBXProject;
			attributes = {
				BuildIndependentTargetsInParallel = 1;
				LastSwiftUpdateCheck = 1320;
				LastUpgradeCheck = 1320;
				TargetAttributes = {
					1E8D6E2628055D4A00983171 = {
						CreatedOnToolsVersion = 13.2.1;
					};
				};
			};
			buildConfigurationList = 1E8D6E2228055D4A00983171 /* Build configuration list for PBXProject "MVVMRxSwiftTutorial" */;
			compatibilityVersion = "Xcode 13.0";
			developmentRegion = en;
			hasScannedForEncodings = 0;
			knownRegions = (
				en,
				Base,
			);
			mainGroup = 1E8D6E1E28055D4A00983171;
			packageReferences = (
				1E8D6E4128055FD100983171 /* XCRemoteSwiftPackageReference "Alamofire" */,
				1E8D6E4428055FF100983171 /* XCRemoteSwiftPackageReference "RxSwift" */,
				1E8D6E4B2805602700983171 /* XCRemoteSwiftPackageReference "SDWebImage" */,
				1E8D6E542805642000983171 /* XCRemoteSwiftPackageReference "SnapKit" */,
			);
			productRefGroup = 1E8D6E2828055D4A00983171 /* Products */;
			projectDirPath = "";
			projectRoot = "";
			targets = (
				1E8D6E2628055D4A00983171 /* MVVMRxSwiftTutorial */,
			);
		};
/* End PBXProject section */

/* Begin PBXResourcesBuildPhase section */
		1E8D6E2528055D4A00983171 /* Resources */ = {
			isa = PBXResourcesBuildPhase;
			buildActionMask = 2147483647;
			files = (
				1E8D6E3728055D4B00983171 /* LaunchScreen.storyboard in Resources */,
				1E8D6E3428055D4B00983171 /* Assets.xcassets in Resources */,
			);
			runOnlyForDeploymentPostprocessing = 0;
		};
/* End PBXResourcesBuildPhase section */

/* Begin PBXSourcesBuildPhase section */
		1E8D6E2328055D4A00983171 /* Sources */ = {
			isa = PBXSourcesBuildPhase;
			buildActionMask = 2147483647;
			files = (
				1E8D6E4028055EBD00983171 /* Coordinator.swift in Sources */,
				1E8D6E5B28056A9E00983171 /* ArticleViewModel.swift in Sources */,
				1E8D6E582805645E00983171 /* RootViewModel.swift in Sources */,
				1E8D6E2F28055D4A00983171 /* RootViewController.swift in Sources */,
				1E8D6E522805626300983171 /* ArticleService.swift in Sources */,
				1E8D6E5D28056E8F00983171 /* ArticleCell.swift in Sources */,
				1E8D6E2B28055D4A00983171 /* AppDelegate.swift in Sources */,
				1E8D6E2D28055D4A00983171 /* SceneDelegate.swift in Sources */,
				1E8D6E50280561EA00983171 /* Article.swift in Sources */,
			);
			runOnlyForDeploymentPostprocessing = 0;
		};
/* End PBXSourcesBuildPhase section */

/* Begin PBXVariantGroup section */
		1E8D6E3528055D4B00983171 /* LaunchScreen.storyboard */ = {
			isa = PBXVariantGroup;
			children = (
				1E8D6E3628055D4B00983171 /* Base */,
			);
			name = LaunchScreen.storyboard;
			sourceTree = "<group>";
		};
/* End PBXVariantGroup section */

/* Begin XCBuildConfiguration section */
		1E8D6E3928055D4B00983171 /* Debug */ = {
			isa = XCBuildConfiguration;
			buildSettings = {
				ALWAYS_SEARCH_USER_PATHS = NO;
				CLANG_ANALYZER_NONNULL = YES;
				CLANG_ANALYZER_NUMBER_OBJECT_CONVERSION = YES_AGGRESSIVE;
				CLANG_CXX_LANGUAGE_STANDARD = "gnu++17";
				CLANG_CXX_LIBRARY = "libc++";
				CLANG_ENABLE_MODULES = YES;
				CLANG_ENABLE_OBJC_ARC = YES;
				CLANG_ENABLE_OBJC_WEAK = YES;
				CLANG_WARN_BLOCK_CAPTURE_AUTORELEASING = YES;
				CLANG_WARN_BOOL_CONVERSION = YES;
				CLANG_WARN_COMMA = YES;
				CLANG_WARN_CONSTANT_CONVERSION = YES;
				CLANG_WARN_DEPRECATED_OBJC_IMPLEMENTATIONS = YES;
				CLANG_WARN_DIRECT_OBJC_ISA_USAGE = YES_ERROR;
				CLANG_WARN_DOCUMENTATION_COMMENTS = YES;
				CLANG_WARN_EMPTY_BODY = YES;
				CLANG_WARN_ENUM_CONVERSION = YES;
				CLANG_WARN_INFINITE_RECURSION = YES;
				CLANG_WARN_INT_CONVERSION = YES;
				CLANG_WARN_NON_LITERAL_NULL_CONVERSION = YES;
				CLANG_WARN_OBJC_IMPLICIT_RETAIN_SELF = YES;
				CLANG_WARN_OBJC_LITERAL_CONVERSION = YES;
				CLANG_WARN_OBJC_ROOT_CLASS = YES_ERROR;
				CLANG_WARN_QUOTED_INCLUDE_IN_FRAMEWORK_HEADER = YES;
				CLANG_WARN_RANGE_LOOP_ANALYSIS = YES;
				CLANG_WARN_STRICT_PROTOTYPES = YES;
				CLANG_WARN_SUSPICIOUS_MOVE = YES;
				CLANG_WARN_UNGUARDED_AVAILABILITY = YES_AGGRESSIVE;
				CLANG_WARN_UNREACHABLE_CODE = YES;
				CLANG_WARN__DUPLICATE_METHOD_MATCH = YES;
				COPY_PHASE_STRIP = NO;
				DEBUG_INFORMATION_FORMAT = dwarf;
				ENABLE_STRICT_OBJC_MSGSEND = YES;
				ENABLE_TESTABILITY = YES;
				GCC_C_LANGUAGE_STANDARD = gnu11;
				GCC_DYNAMIC_NO_PIC = NO;
				GCC_NO_COMMON_BLOCKS = YES;
				GCC_OPTIMIZATION_LEVEL = 0;
				GCC_PREPROCESSOR_DEFINITIONS = (
					"DEBUG=1",
					"$(inherited)",
				);
				GCC_WARN_64_TO_32_BIT_CONVERSION = YES;
				GCC_WARN_ABOUT_RETURN_TYPE = YES_ERROR;
				GCC_WARN_UNDECLARED_SELECTOR = YES;
				GCC_WARN_UNINITIALIZED_AUTOS = YES_AGGRESSIVE;
				GCC_WARN_UNUSED_FUNCTION = YES;
				GCC_WARN_UNUSED_VARIABLE = YES;
				IPHONEOS_DEPLOYMENT_TARGET = 15.2;
				MTL_ENABLE_DEBUG_INFO = INCLUDE_SOURCE;
				MTL_FAST_MATH = YES;
				ONLY_ACTIVE_ARCH = YES;
				SDKROOT = iphoneos;
				SWIFT_ACTIVE_COMPILATION_CONDITIONS = DEBUG;
				SWIFT_OPTIMIZATION_LEVEL = "-Onone";
			};
			name = Debug;
		};
		1E8D6E3A28055D4B00983171 /* Release */ = {
			isa = XCBuildConfiguration;
			buildSettings = {
				ALWAYS_SEARCH_USER_PATHS = NO;
				CLANG_ANALYZER_NONNULL = YES;
				CLANG_ANALYZER_NUMBER_OBJECT_CONVERSION = YES_AGGRESSIVE;
				CLANG_CXX_LANGUAGE_STANDARD = "gnu++17";
				CLANG_CXX_LIBRARY = "libc++";
				CLANG_ENABLE_MODULES = YES;
				CLANG_ENABLE_OBJC_ARC = YES;
				CLANG_ENABLE_OBJC_WEAK = YES;
				CLANG_WARN_BLOCK_CAPTURE_AUTORELEASING = YES;
				CLANG_WARN_BOOL_CONVERSION = YES;
				CLANG_WARN_COMMA = YES;
				CLANG_WARN_CONSTANT_CONVERSION = YES;
				CLANG_WARN_DEPRECATED_OBJC_IMPLEMENTATIONS = YES;
				CLANG_WARN_DIRECT_OBJC_ISA_USAGE = YES_ERROR;
				CLANG_WARN_DOCUMENTATION_COMMENTS = YES;
				CLANG_WARN_EMPTY_BODY = YES;
				CLANG_WARN_ENUM_CONVERSION = YES;
				CLANG_WARN_INFINITE_RECURSION = YES;
				CLANG_WARN_INT_CONVERSION = YES;
				CLANG_WARN_NON_LITERAL_NULL_CONVERSION = YES;
				CLANG_WARN_OBJC_IMPLICIT_RETAIN_SELF = YES;
				CLANG_WARN_OBJC_LITERAL_CONVERSION = YES;
				CLANG_WARN_OBJC_ROOT_CLASS = YES_ERROR;
				CLANG_WARN_QUOTED_INCLUDE_IN_FRAMEWORK_HEADER = YES;
				CLANG_WARN_RANGE_LOOP_ANALYSIS = YES;
				CLANG_WARN_STRICT_PROTOTYPES = YES;
				CLANG_WARN_SUSPICIOUS_MOVE = YES;
				CLANG_WARN_UNGUARDED_AVAILABILITY = YES_AGGRESSIVE;
				CLANG_WARN_UNREACHABLE_CODE = YES;
				CLANG_WARN__DUPLICATE_METHOD_MATCH = YES;
				COPY_PHASE_STRIP = NO;
				DEBUG_INFORMATION_FORMAT = "dwarf-with-dsym";
				ENABLE_NS_ASSERTIONS = NO;
				ENABLE_STRICT_OBJC_MSGSEND = YES;
				GCC_C_LANGUAGE_STANDARD = gnu11;
				GCC_NO_COMMON_BLOCKS = YES;
				GCC_WARN_64_TO_32_BIT_CONVERSION = YES;
				GCC_WARN_ABOUT_RETURN_TYPE = YES_ERROR;
				GCC_WARN_UNDECLARED_SELECTOR = YES;
				GCC_WARN_UNINITIALIZED_AUTOS = YES_AGGRESSIVE;
				GCC_WARN_UNUSED_FUNCTION = YES;
				GCC_WARN_UNUSED_VARIABLE = YES;
				IPHONEOS_DEPLOYMENT_TARGET = 15.2;
				MTL_ENABLE_DEBUG_INFO = NO;
				MTL_FAST_MATH = YES;
				SDKROOT = iphoneos;
				SWIFT_COMPILATION_MODE = wholemodule;
				SWIFT_OPTIMIZATION_LEVEL = "-O";
				VALIDATE_PRODUCT = YES;
			};
			name = Release;
		};
		1E8D6E3C28055D4B00983171 /* Debug */ = {
			isa = XCBuildConfiguration;
			buildSettings = {
				ASSETCATALOG_COMPILER_APPICON_NAME = AppIcon;
				ASSETCATALOG_COMPILER_GLOBAL_ACCENT_COLOR_NAME = AccentColor;
				CODE_SIGN_STYLE = Automatic;
				CURRENT_PROJECT_VERSION = 1;
				DEVELOPMENT_TEAM = 4FTFKXF8N5;
				GENERATE_INFOPLIST_FILE = YES;
				INFOPLIST_FILE = MVVMRxSwiftTutorial/Info.plist;
				INFOPLIST_KEY_UIApplicationSupportsIndirectInputEvents = YES;
				INFOPLIST_KEY_UILaunchStoryboardName = LaunchScreen;
				INFOPLIST_KEY_UIMainStoryboardFile = LaunchScreen;
				INFOPLIST_KEY_UISupportedInterfaceOrientations_iPad = "UIInterfaceOrientationPortrait UIInterfaceOrientationPortraitUpsideDown UIInterfaceOrientationLandscapeLeft UIInterfaceOrientationLandscapeRight";
				INFOPLIST_KEY_UISupportedInterfaceOrientations_iPhone = "UIInterfaceOrientationPortrait UIInterfaceOrientationLandscapeLeft UIInterfaceOrientationLandscapeRight";
				LD_RUNPATH_SEARCH_PATHS = (
					"$(inherited)",
					"@executable_path/Frameworks",
				);
				MARKETING_VERSION = 1.0;
				PRODUCT_BUNDLE_IDENTIFIER = com.jeongminkim.MVVMRxSwiftTutorial;
				PRODUCT_NAME = "$(TARGET_NAME)";
				SWIFT_EMIT_LOC_STRINGS = YES;
				SWIFT_VERSION = 5.0;
				TARGETED_DEVICE_FAMILY = "1,2";
			};
			name = Debug;
		};
		1E8D6E3D28055D4B00983171 /* Release */ = {
			isa = XCBuildConfiguration;
			buildSettings = {
				ASSETCATALOG_COMPILER_APPICON_NAME = AppIcon;
				ASSETCATALOG_COMPILER_GLOBAL_ACCENT_COLOR_NAME = AccentColor;
				CODE_SIGN_STYLE = Automatic;
				CURRENT_PROJECT_VERSION = 1;
				DEVELOPMENT_TEAM = 4FTFKXF8N5;
				GENERATE_INFOPLIST_FILE = YES;
				INFOPLIST_FILE = MVVMRxSwiftTutorial/Info.plist;
				INFOPLIST_KEY_UIApplicationSupportsIndirectInputEvents = YES;
				INFOPLIST_KEY_UILaunchStoryboardName = LaunchScreen;
				INFOPLIST_KEY_UIMainStoryboardFile = LaunchScreen;
				INFOPLIST_KEY_UISupportedInterfaceOrientations_iPad = "UIInterfaceOrientationPortrait UIInterfaceOrientationPortraitUpsideDown UIInterfaceOrientationLandscapeLeft UIInterfaceOrientationLandscapeRight";
				INFOPLIST_KEY_UISupportedInterfaceOrientations_iPhone = "UIInterfaceOrientationPortrait UIInterfaceOrientationLandscapeLeft UIInterfaceOrientationLandscapeRight";
				LD_RUNPATH_SEARCH_PATHS = (
					"$(inherited)",
					"@executable_path/Frameworks",
				);
				MARKETING_VERSION = 1.0;
				PRODUCT_BUNDLE_IDENTIFIER = com.jeongminkim.MVVMRxSwiftTutorial;
				PRODUCT_NAME = "$(TARGET_NAME)";
				SWIFT_EMIT_LOC_STRINGS = YES;
				SWIFT_VERSION = 5.0;
				TARGETED_DEVICE_FAMILY = "1,2";
			};
			name = Release;
		};
/* End XCBuildConfiguration section */

/* Begin XCConfigurationList section */
		1E8D6E2228055D4A00983171 /* Build configuration list for PBXProject "MVVMRxSwiftTutorial" */ = {
			isa = XCConfigurationList;
			buildConfigurations = (
				1E8D6E3928055D4B00983171 /* Debug */,
				1E8D6E3A28055D4B00983171 /* Release */,
			);
			defaultConfigurationIsVisible = 0;
			defaultConfigurationName = Release;
		};
		1E8D6E3B28055D4B00983171 /* Build configuration list for PBXNativeTarget "MVVMRxSwiftTutorial" */ = {
			isa = XCConfigurationList;
			buildConfigurations = (
				1E8D6E3C28055D4B00983171 /* Debug */,
				1E8D6E3D28055D4B00983171 /* Release */,
			);
			defaultConfigurationIsVisible = 0;
			defaultConfigurationName = Release;
		};
/* End XCConfigurationList section */

/* Begin XCRemoteSwiftPackageReference section */
		1E8D6E4128055FD100983171 /* XCRemoteSwiftPackageReference "Alamofire" */ = {
			isa = XCRemoteSwiftPackageReference;
			repositoryURL = "https://github.com/Alamofire/Alamofire.git";
			requirement = {
				branch = master;
				kind = branch;
			};
		};
		1E8D6E4428055FF100983171 /* XCRemoteSwiftPackageReference "RxSwift" */ = {
			isa = XCRemoteSwiftPackageReference;
			repositoryURL = "https://github.com/ReactiveX/RxSwift.git";
			requirement = {
				kind = upToNextMajorVersion;
				minimumVersion = 6.0.0;
			};
		};
		1E8D6E4B2805602700983171 /* XCRemoteSwiftPackageReference "SDWebImage" */ = {
			isa = XCRemoteSwiftPackageReference;
			repositoryURL = "https://github.com/SDWebImage/SDWebImage.git";
			requirement = {
				kind = upToNextMajorVersion;
				minimumVersion = 5.0.0;
			};
		};
		1E8D6E542805642000983171 /* XCRemoteSwiftPackageReference "SnapKit" */ = {
			isa = XCRemoteSwiftPackageReference;
			repositoryURL = "https://github.com/SnapKit/SnapKit.git";
			requirement = {
				branch = develop;
				kind = branch;
			};
		};
/* End XCRemoteSwiftPackageReference section */

/* Begin XCSwiftPackageProductDependency section */
		1E8D6E4228055FD100983171 /* Alamofire */ = {
			isa = XCSwiftPackageProductDependency;
			package = 1E8D6E4128055FD100983171 /* XCRemoteSwiftPackageReference "Alamofire" */;
			productName = Alamofire;
		};
		1E8D6E4528055FF100983171 /* RxCocoa */ = {
			isa = XCSwiftPackageProductDependency;
			package = 1E8D6E4428055FF100983171 /* XCRemoteSwiftPackageReference "RxSwift" */;
			productName = RxCocoa;
		};
		1E8D6E4728055FF100983171 /* RxRelay */ = {
			isa = XCSwiftPackageProductDependency;
			package = 1E8D6E4428055FF100983171 /* XCRemoteSwiftPackageReference "RxSwift" */;
			productName = RxRelay;
		};
		1E8D6E4928055FF100983171 /* RxSwift */ = {
			isa = XCSwiftPackageProductDependency;
			package = 1E8D6E4428055FF100983171 /* XCRemoteSwiftPackageReference "RxSwift" */;
			productName = RxSwift;
		};
		1E8D6E4C2805602800983171 /* SDWebImage */ = {
			isa = XCSwiftPackageProductDependency;
			package = 1E8D6E4B2805602700983171 /* XCRemoteSwiftPackageReference "SDWebImage" */;
			productName = SDWebImage;
		};
		1E8D6E552805642000983171 /* SnapKit */ = {
			isa = XCSwiftPackageProductDependency;
			package = 1E8D6E542805642000983171 /* XCRemoteSwiftPackageReference "SnapKit" */;
			productName = SnapKit;
		};
/* End XCSwiftPackageProductDependency section */
	};
	rootObject = 1E8D6E1F28055D4A00983171 /* Project object */;
}
